// !$*UTF8*$!
{
	archiveVersion = 1;
	classes = {
	};
	objectVersion = 51;
	objects = {

/* Begin PBXBuildFile section */
		383AEFDFC79318ACA718E277 /* Pods_ChallenderTests.framework in Frameworks */ = {isa = PBXBuildFile; fileRef = 75D9D71DD1DFC380AECD3DB0 /* Pods_ChallenderTests.framework */; };
		76CE01C1D5D81D40791F8194 /* Pods_Challender_ChallenderUITests.framework in Frameworks */ = {isa = PBXBuildFile; fileRef = 1E39A90451A29EFB22242098 /* Pods_Challender_ChallenderUITests.framework */; };
		EFD8C01EC712C5A180564D7C /* Pods_Challender.framework in Frameworks */ = {isa = PBXBuildFile; fileRef = 4211901FD62B7E0ACFC8752D /* Pods_Challender.framework */; };
		F9A4925D26AE8A5900CBD09E /* AppDelegate.swift in Sources */ = {isa = PBXBuildFile; fileRef = F9A4925C26AE8A5900CBD09E /* AppDelegate.swift */; };
		F9A4925F26AE8A5900CBD09E /* SceneDelegate.swift in Sources */ = {isa = PBXBuildFile; fileRef = F9A4925E26AE8A5900CBD09E /* SceneDelegate.swift */; };
		F9A4926126AE8A5900CBD09E /* ContentView.swift in Sources */ = {isa = PBXBuildFile; fileRef = F9A4926026AE8A5900CBD09E /* ContentView.swift */; };
		F9A4926326AE8A5A00CBD09E /* Assets.xcassets in Resources */ = {isa = PBXBuildFile; fileRef = F9A4926226AE8A5A00CBD09E /* Assets.xcassets */; };
		F9A4926626AE8A5A00CBD09E /* Preview Assets.xcassets in Resources */ = {isa = PBXBuildFile; fileRef = F9A4926526AE8A5A00CBD09E /* Preview Assets.xcassets */; };
		F9A4926926AE8A5A00CBD09E /* LaunchScreen.storyboard in Resources */ = {isa = PBXBuildFile; fileRef = F9A4926726AE8A5A00CBD09E /* LaunchScreen.storyboard */; };
		F9A4927426AE8A5A00CBD09E /* ChallenderTests.swift in Sources */ = {isa = PBXBuildFile; fileRef = F9A4927326AE8A5A00CBD09E /* ChallenderTests.swift */; };
		F9A4927F26AE8A5A00CBD09E /* ChallenderUITests.swift in Sources */ = {isa = PBXBuildFile; fileRef = F9A4927E26AE8A5A00CBD09E /* ChallenderUITests.swift */; };
/* End PBXBuildFile section */

/* Begin PBXContainerItemProxy section */
		F9A4927026AE8A5A00CBD09E /* PBXContainerItemProxy */ = {
			isa = PBXContainerItemProxy;
			containerPortal = F9A4925126AE8A5900CBD09E /* Project object */;
			proxyType = 1;
			remoteGlobalIDString = F9A4925826AE8A5900CBD09E;
			remoteInfo = Challender;
		};
		F9A4927B26AE8A5A00CBD09E /* PBXContainerItemProxy */ = {
			isa = PBXContainerItemProxy;
			containerPortal = F9A4925126AE8A5900CBD09E /* Project object */;
			proxyType = 1;
			remoteGlobalIDString = F9A4925826AE8A5900CBD09E;
			remoteInfo = Challender;
		};
/* End PBXContainerItemProxy section */

/* Begin PBXFileReference section */
		1E39A90451A29EFB22242098 /* Pods_Challender_ChallenderUITests.framework */ = {isa = PBXFileReference; explicitFileType = wrapper.framework; includeInIndex = 0; path = Pods_Challender_ChallenderUITests.framework; sourceTree = BUILT_PRODUCTS_DIR; };
		38969643C46DE1AA6FDCADB4 /* Pods-ChallenderTests.release.xcconfig */ = {isa = PBXFileReference; includeInIndex = 1; lastKnownFileType = text.xcconfig; name = "Pods-ChallenderTests.release.xcconfig"; path = "Target Support Files/Pods-ChallenderTests/Pods-ChallenderTests.release.xcconfig"; sourceTree = "<group>"; };
		4211901FD62B7E0ACFC8752D /* Pods_Challender.framework */ = {isa = PBXFileReference; explicitFileType = wrapper.framework; includeInIndex = 0; path = Pods_Challender.framework; sourceTree = BUILT_PRODUCTS_DIR; };
		75D9D71DD1DFC380AECD3DB0 /* Pods_ChallenderTests.framework */ = {isa = PBXFileReference; explicitFileType = wrapper.framework; includeInIndex = 0; path = Pods_ChallenderTests.framework; sourceTree = BUILT_PRODUCTS_DIR; };
		79E99E9FA22038FCC4330672 /* Pods-Challender.debug.xcconfig */ = {isa = PBXFileReference; includeInIndex = 1; lastKnownFileType = text.xcconfig; name = "Pods-Challender.debug.xcconfig"; path = "Target Support Files/Pods-Challender/Pods-Challender.debug.xcconfig"; sourceTree = "<group>"; };
		7DBF2494E9554FEE56807D65 /* Pods-ChallenderTests.debug.xcconfig */ = {isa = PBXFileReference; includeInIndex = 1; lastKnownFileType = text.xcconfig; name = "Pods-ChallenderTests.debug.xcconfig"; path = "Target Support Files/Pods-ChallenderTests/Pods-ChallenderTests.debug.xcconfig"; sourceTree = "<group>"; };
		AC3762BFE628E85915BD8328 /* Pods-Challender-ChallenderUITests.debug.xcconfig */ = {isa = PBXFileReference; includeInIndex = 1; lastKnownFileType = text.xcconfig; name = "Pods-Challender-ChallenderUITests.debug.xcconfig"; path = "Target Support Files/Pods-Challender-ChallenderUITests/Pods-Challender-ChallenderUITests.debug.xcconfig"; sourceTree = "<group>"; };
		B3FDF7A758D6765FEFCE68DC /* Pods-Challender-ChallenderUITests.release.xcconfig */ = {isa = PBXFileReference; includeInIndex = 1; lastKnownFileType = text.xcconfig; name = "Pods-Challender-ChallenderUITests.release.xcconfig"; path = "Target Support Files/Pods-Challender-ChallenderUITests/Pods-Challender-ChallenderUITests.release.xcconfig"; sourceTree = "<group>"; };
		C90448873BB5CB78F3F42D75 /* Pods-Challender.release.xcconfig */ = {isa = PBXFileReference; includeInIndex = 1; lastKnownFileType = text.xcconfig; name = "Pods-Challender.release.xcconfig"; path = "Target Support Files/Pods-Challender/Pods-Challender.release.xcconfig"; sourceTree = "<group>"; };
		F9A4925926AE8A5900CBD09E /* Challender.app */ = {isa = PBXFileReference; explicitFileType = wrapper.application; includeInIndex = 0; path = Challender.app; sourceTree = BUILT_PRODUCTS_DIR; };
		F9A4925C26AE8A5900CBD09E /* AppDelegate.swift */ = {isa = PBXFileReference; lastKnownFileType = sourcecode.swift; path = AppDelegate.swift; sourceTree = "<group>"; };
		F9A4925E26AE8A5900CBD09E /* SceneDelegate.swift */ = {isa = PBXFileReference; lastKnownFileType = sourcecode.swift; path = SceneDelegate.swift; sourceTree = "<group>"; };
		F9A4926026AE8A5900CBD09E /* ContentView.swift */ = {isa = PBXFileReference; lastKnownFileType = sourcecode.swift; path = ContentView.swift; sourceTree = "<group>"; };
		F9A4926226AE8A5A00CBD09E /* Assets.xcassets */ = {isa = PBXFileReference; lastKnownFileType = folder.assetcatalog; path = Assets.xcassets; sourceTree = "<group>"; };
		F9A4926526AE8A5A00CBD09E /* Preview Assets.xcassets */ = {isa = PBXFileReference; lastKnownFileType = folder.assetcatalog; path = "Preview Assets.xcassets"; sourceTree = "<group>"; };
		F9A4926826AE8A5A00CBD09E /* Base */ = {isa = PBXFileReference; lastKnownFileType = file.storyboard; name = Base; path = Base.lproj/LaunchScreen.storyboard; sourceTree = "<group>"; };
		F9A4926A26AE8A5A00CBD09E /* Info.plist */ = {isa = PBXFileReference; lastKnownFileType = text.plist.xml; path = Info.plist; sourceTree = "<group>"; };
		F9A4926F26AE8A5A00CBD09E /* ChallenderTests.xctest */ = {isa = PBXFileReference; explicitFileType = wrapper.cfbundle; includeInIndex = 0; path = ChallenderTests.xctest; sourceTree = BUILT_PRODUCTS_DIR; };
		F9A4927326AE8A5A00CBD09E /* ChallenderTests.swift */ = {isa = PBXFileReference; lastKnownFileType = sourcecode.swift; path = ChallenderTests.swift; sourceTree = "<group>"; };
		F9A4927526AE8A5A00CBD09E /* Info.plist */ = {isa = PBXFileReference; lastKnownFileType = text.plist.xml; path = Info.plist; sourceTree = "<group>"; };
		F9A4927A26AE8A5A00CBD09E /* ChallenderUITests.xctest */ = {isa = PBXFileReference; explicitFileType = wrapper.cfbundle; includeInIndex = 0; path = ChallenderUITests.xctest; sourceTree = BUILT_PRODUCTS_DIR; };
		F9A4927E26AE8A5A00CBD09E /* ChallenderUITests.swift */ = {isa = PBXFileReference; lastKnownFileType = sourcecode.swift; path = ChallenderUITests.swift; sourceTree = "<group>"; };
		F9A4928026AE8A5A00CBD09E /* Info.plist */ = {isa = PBXFileReference; lastKnownFileType = text.plist.xml; path = Info.plist; sourceTree = "<group>"; };
/* End PBXFileReference section */

/* Begin PBXFrameworksBuildPhase section */
		F9A4925626AE8A5900CBD09E /* Frameworks */ = {
			isa = PBXFrameworksBuildPhase;
			buildActionMask = 2147483647;
			files = (
				EFD8C01EC712C5A180564D7C /* Pods_Challender.framework in Frameworks */,
			);
			runOnlyForDeploymentPostprocessing = 0;
		};
		F9A4926C26AE8A5A00CBD09E /* Frameworks */ = {
			isa = PBXFrameworksBuildPhase;
			buildActionMask = 2147483647;
			files = (
				383AEFDFC79318ACA718E277 /* Pods_ChallenderTests.framework in Frameworks */,
			);
			runOnlyForDeploymentPostprocessing = 0;
		};
		F9A4927726AE8A5A00CBD09E /* Frameworks */ = {
			isa = PBXFrameworksBuildPhase;
			buildActionMask = 2147483647;
			files = (
				76CE01C1D5D81D40791F8194 /* Pods_Challender_ChallenderUITests.framework in Frameworks */,
			);
			runOnlyForDeploymentPostprocessing = 0;
		};
/* End PBXFrameworksBuildPhase section */

/* Begin PBXGroup section */
		9EBAABA183BC2A45F9EA2E5A /* Pods */ = {
			isa = PBXGroup;
			children = (
				79E99E9FA22038FCC4330672 /* Pods-Challender.debug.xcconfig */,
				C90448873BB5CB78F3F42D75 /* Pods-Challender.release.xcconfig */,
				AC3762BFE628E85915BD8328 /* Pods-Challender-ChallenderUITests.debug.xcconfig */,
				B3FDF7A758D6765FEFCE68DC /* Pods-Challender-ChallenderUITests.release.xcconfig */,
				7DBF2494E9554FEE56807D65 /* Pods-ChallenderTests.debug.xcconfig */,
				38969643C46DE1AA6FDCADB4 /* Pods-ChallenderTests.release.xcconfig */,
			);
			path = Pods;
			sourceTree = "<group>";
		};
		DA1BB4583EF170714156E137 /* Frameworks */ = {
			isa = PBXGroup;
			children = (
				4211901FD62B7E0ACFC8752D /* Pods_Challender.framework */,
				1E39A90451A29EFB22242098 /* Pods_Challender_ChallenderUITests.framework */,
				75D9D71DD1DFC380AECD3DB0 /* Pods_ChallenderTests.framework */,
			);
			name = Frameworks;
			sourceTree = "<group>";
		};
		F9A4925026AE8A5900CBD09E = {
			isa = PBXGroup;
			children = (
				F9A4925B26AE8A5900CBD09E /* Challender */,
				F9A4927226AE8A5A00CBD09E /* ChallenderTests */,
				F9A4927D26AE8A5A00CBD09E /* ChallenderUITests */,
				F9A4925A26AE8A5900CBD09E /* Products */,
				9EBAABA183BC2A45F9EA2E5A /* Pods */,
				DA1BB4583EF170714156E137 /* Frameworks */,
			);
			sourceTree = "<group>";
		};
		F9A4925A26AE8A5900CBD09E /* Products */ = {
			isa = PBXGroup;
			children = (
				F9A4925926AE8A5900CBD09E /* Challender.app */,
				F9A4926F26AE8A5A00CBD09E /* ChallenderTests.xctest */,
				F9A4927A26AE8A5A00CBD09E /* ChallenderUITests.xctest */,
			);
			name = Products;
			sourceTree = "<group>";
		};
		F9A4925B26AE8A5900CBD09E /* Challender */ = {
			isa = PBXGroup;
			children = (
				F9A4925C26AE8A5900CBD09E /* AppDelegate.swift */,
				F9A4925E26AE8A5900CBD09E /* SceneDelegate.swift */,
				F9A4926026AE8A5900CBD09E /* ContentView.swift */,
				F9A4926226AE8A5A00CBD09E /* Assets.xcassets */,
				F9A4926726AE8A5A00CBD09E /* LaunchScreen.storyboard */,
				F9A4926A26AE8A5A00CBD09E /* Info.plist */,
				F9A4926426AE8A5A00CBD09E /* Preview Content */,
			);
			path = Challender;
			sourceTree = "<group>";
		};
		F9A4926426AE8A5A00CBD09E /* Preview Content */ = {
			isa = PBXGroup;
			children = (
				F9A4926526AE8A5A00CBD09E /* Preview Assets.xcassets */,
			);
			path = "Preview Content";
			sourceTree = "<group>";
		};
		F9A4927226AE8A5A00CBD09E /* ChallenderTests */ = {
			isa = PBXGroup;
			children = (
				F9A4927326AE8A5A00CBD09E /* ChallenderTests.swift */,
				F9A4927526AE8A5A00CBD09E /* Info.plist */,
			);
			path = ChallenderTests;
			sourceTree = "<group>";
		};
		F9A4927D26AE8A5A00CBD09E /* ChallenderUITests */ = {
			isa = PBXGroup;
			children = (
				F9A4927E26AE8A5A00CBD09E /* ChallenderUITests.swift */,
				F9A4928026AE8A5A00CBD09E /* Info.plist */,
			);
			path = ChallenderUITests;
			sourceTree = "<group>";
		};
/* End PBXGroup section */

/* Begin PBXNativeTarget section */
		F9A4925826AE8A5900CBD09E /* Challender */ = {
			isa = PBXNativeTarget;
			buildConfigurationList = F9A4928326AE8A5A00CBD09E /* Build configuration list for PBXNativeTarget "Challender" */;
			buildPhases = (
				BBAE7F8B063A6AD46C518C61 /* [CP] Check Pods Manifest.lock */,
				F9A4925526AE8A5900CBD09E /* Sources */,
				F9A4925626AE8A5900CBD09E /* Frameworks */,
				F9A4925726AE8A5900CBD09E /* Resources */,
				34F5FDFC5BB27646FC4F4693 /* [CP] Embed Pods Frameworks */,
				6FA05396AFA91A7EE2A9AEBC /* [CP] Copy Pods Resources */,
			);
			buildRules = (
			);
			dependencies = (
			);
			name = Challender;
			productName = Challender;
			productReference = F9A4925926AE8A5900CBD09E /* Challender.app */;
			productType = "com.apple.product-type.application";
		};
		F9A4926E26AE8A5A00CBD09E /* ChallenderTests */ = {
			isa = PBXNativeTarget;
			buildConfigurationList = F9A4928626AE8A5A00CBD09E /* Build configuration list for PBXNativeTarget "ChallenderTests" */;
			buildPhases = (
				3A9357A3AEEBEBF7BBCB5AFE /* [CP] Check Pods Manifest.lock */,
				F9A4926B26AE8A5A00CBD09E /* Sources */,
				F9A4926C26AE8A5A00CBD09E /* Frameworks */,
				F9A4926D26AE8A5A00CBD09E /* Resources */,
			);
			buildRules = (
			);
			dependencies = (
				F9A4927126AE8A5A00CBD09E /* PBXTargetDependency */,
			);
			name = ChallenderTests;
			productName = ChallenderTests;
			productReference = F9A4926F26AE8A5A00CBD09E /* ChallenderTests.xctest */;
			productType = "com.apple.product-type.bundle.unit-test";
		};
		F9A4927926AE8A5A00CBD09E /* ChallenderUITests */ = {
			isa = PBXNativeTarget;
			buildConfigurationList = F9A4928926AE8A5A00CBD09E /* Build configuration list for PBXNativeTarget "ChallenderUITests" */;
			buildPhases = (
				B6AB086A06FBE9EB57CE3756 /* [CP] Check Pods Manifest.lock */,
				F9A4927626AE8A5A00CBD09E /* Sources */,
				F9A4927726AE8A5A00CBD09E /* Frameworks */,
				F9A4927826AE8A5A00CBD09E /* Resources */,
				8B946AD9F842DA82C45829FD /* [CP] Embed Pods Frameworks */,
				5AD65B346B8D3C774B4EBFF7 /* [CP] Copy Pods Resources */,
			);
			buildRules = (
			);
			dependencies = (
				F9A4927C26AE8A5A00CBD09E /* PBXTargetDependency */,
			);
			name = ChallenderUITests;
			productName = ChallenderUITests;
			productReference = F9A4927A26AE8A5A00CBD09E /* ChallenderUITests.xctest */;
			productType = "com.apple.product-type.bundle.ui-testing";
		};
/* End PBXNativeTarget section */

/* Begin PBXProject section */
		F9A4925126AE8A5900CBD09E /* Project object */ = {
			isa = PBXProject;
			attributes = {
				LastSwiftUpdateCheck = 1250;
				LastUpgradeCheck = 1250;
				TargetAttributes = {
					F9A4925826AE8A5900CBD09E = {
						CreatedOnToolsVersion = 12.5.1;
					};
					F9A4926E26AE8A5A00CBD09E = {
						CreatedOnToolsVersion = 12.5.1;
						TestTargetID = F9A4925826AE8A5900CBD09E;
					};
					F9A4927926AE8A5A00CBD09E = {
						CreatedOnToolsVersion = 12.5.1;
						TestTargetID = F9A4925826AE8A5900CBD09E;
					};
				};
			};
			buildConfigurationList = F9A4925426AE8A5900CBD09E /* Build configuration list for PBXProject "Challender" */;
			compatibilityVersion = "Xcode 9.3";
			developmentRegion = en;
			hasScannedForEncodings = 0;
			knownRegions = (
				en,
				Base,
			);
			mainGroup = F9A4925026AE8A5900CBD09E;
			productRefGroup = F9A4925A26AE8A5900CBD09E /* Products */;
			projectDirPath = "";
			projectRoot = "";
			targets = (
				F9A4925826AE8A5900CBD09E /* Challender */,
				F9A4926E26AE8A5A00CBD09E /* ChallenderTests */,
				F9A4927926AE8A5A00CBD09E /* ChallenderUITests */,
			);
		};
/* End PBXProject section */

/* Begin PBXResourcesBuildPhase section */
		F9A4925726AE8A5900CBD09E /* Resources */ = {
			isa = PBXResourcesBuildPhase;
			buildActionMask = 2147483647;
			files = (
				F9A4926926AE8A5A00CBD09E /* LaunchScreen.storyboard in Resources */,
				F9A4926626AE8A5A00CBD09E /* Preview Assets.xcassets in Resources */,
				F9A4926326AE8A5A00CBD09E /* Assets.xcassets in Resources */,
			);
			runOnlyForDeploymentPostprocessing = 0;
		};
		F9A4926D26AE8A5A00CBD09E /* Resources */ = {
			isa = PBXResourcesBuildPhase;
			buildActionMask = 2147483647;
			files = (
			);
			runOnlyForDeploymentPostprocessing = 0;
		};
		F9A4927826AE8A5A00CBD09E /* Resources */ = {
			isa = PBXResourcesBuildPhase;
			buildActionMask = 2147483647;
			files = (
			);
			runOnlyForDeploymentPostprocessing = 0;
		};
/* End PBXResourcesBuildPhase section */

/* Begin PBXShellScriptBuildPhase section */
		34F5FDFC5BB27646FC4F4693 /* [CP] Embed Pods Frameworks */ = {
			isa = PBXShellScriptBuildPhase;
			buildActionMask = 2147483647;
			files = (
			);
			inputFileListPaths = (
				"${PODS_ROOT}/Target Support Files/Pods-Challender/Pods-Challender-frameworks-${CONFIGURATION}-input-files.xcfilelist",
			);
			name = "[CP] Embed Pods Frameworks";
			outputFileListPaths = (
				"${PODS_ROOT}/Target Support Files/Pods-Challender/Pods-Challender-frameworks-${CONFIGURATION}-output-files.xcfilelist",
			);
			runOnlyForDeploymentPostprocessing = 0;
			shellPath = /bin/sh;
			shellScript = "\"${PODS_ROOT}/Target Support Files/Pods-Challender/Pods-Challender-frameworks.sh\"\n";
			showEnvVarsInLog = 0;
		};
		3A9357A3AEEBEBF7BBCB5AFE /* [CP] Check Pods Manifest.lock */ = {
			isa = PBXShellScriptBuildPhase;
			buildActionMask = 2147483647;
			files = (
			);
			inputFileListPaths = (
			);
			inputPaths = (
				"${PODS_PODFILE_DIR_PATH}/Podfile.lock",
				"${PODS_ROOT}/Manifest.lock",
			);
			name = "[CP] Check Pods Manifest.lock";
			outputFileListPaths = (
			);
			outputPaths = (
				"$(DERIVED_FILE_DIR)/Pods-ChallenderTests-checkManifestLockResult.txt",
			);
			runOnlyForDeploymentPostprocessing = 0;
			shellPath = /bin/sh;
			shellScript = "diff \"${PODS_PODFILE_DIR_PATH}/Podfile.lock\" \"${PODS_ROOT}/Manifest.lock\" > /dev/null\nif [ $? != 0 ] ; then\n    # print error to STDERR\n    echo \"error: The sandbox is not in sync with the Podfile.lock. Run 'pod install' or update your CocoaPods installation.\" >&2\n    exit 1\nfi\n# This output is used by Xcode 'outputs' to avoid re-running this script phase.\necho \"SUCCESS\" > \"${SCRIPT_OUTPUT_FILE_0}\"\n";
			showEnvVarsInLog = 0;
		};
		5AD65B346B8D3C774B4EBFF7 /* [CP] Copy Pods Resources */ = {
			isa = PBXShellScriptBuildPhase;
			buildActionMask = 2147483647;
			files = (
			);
			inputFileListPaths = (
				"${PODS_ROOT}/Target Support Files/Pods-Challender-ChallenderUITests/Pods-Challender-ChallenderUITests-resources-${CONFIGURATION}-input-files.xcfilelist",
			);
			name = "[CP] Copy Pods Resources";
			outputFileListPaths = (
				"${PODS_ROOT}/Target Support Files/Pods-Challender-ChallenderUITests/Pods-Challender-ChallenderUITests-resources-${CONFIGURATION}-output-files.xcfilelist",
			);
			runOnlyForDeploymentPostprocessing = 0;
			shellPath = /bin/sh;
			shellScript = "\"${PODS_ROOT}/Target Support Files/Pods-Challender-ChallenderUITests/Pods-Challender-ChallenderUITests-resources.sh\"\n";
			showEnvVarsInLog = 0;
		};
		6FA05396AFA91A7EE2A9AEBC /* [CP] Copy Pods Resources */ = {
			isa = PBXShellScriptBuildPhase;
			buildActionMask = 2147483647;
			files = (
			);
			inputFileListPaths = (
				"${PODS_ROOT}/Target Support Files/Pods-Challender/Pods-Challender-resources-${CONFIGURATION}-input-files.xcfilelist",
			);
			name = "[CP] Copy Pods Resources";
			outputFileListPaths = (
				"${PODS_ROOT}/Target Support Files/Pods-Challender/Pods-Challender-resources-${CONFIGURATION}-output-files.xcfilelist",
			);
			runOnlyForDeploymentPostprocessing = 0;
			shellPath = /bin/sh;
			shellScript = "\"${PODS_ROOT}/Target Support Files/Pods-Challender/Pods-Challender-resources.sh\"\n";
			showEnvVarsInLog = 0;
		};
		8B946AD9F842DA82C45829FD /* [CP] Embed Pods Frameworks */ = {
			isa = PBXShellScriptBuildPhase;
			buildActionMask = 2147483647;
			files = (
			);
			inputFileListPaths = (
				"${PODS_ROOT}/Target Support Files/Pods-Challender-ChallenderUITests/Pods-Challender-ChallenderUITests-frameworks-${CONFIGURATION}-input-files.xcfilelist",
			);
			name = "[CP] Embed Pods Frameworks";
			outputFileListPaths = (
				"${PODS_ROOT}/Target Support Files/Pods-Challender-ChallenderUITests/Pods-Challender-ChallenderUITests-frameworks-${CONFIGURATION}-output-files.xcfilelist",
			);
			runOnlyForDeploymentPostprocessing = 0;
			shellPath = /bin/sh;
			shellScript = "\"${PODS_ROOT}/Target Support Files/Pods-Challender-ChallenderUITests/Pods-Challender-ChallenderUITests-frameworks.sh\"\n";
			showEnvVarsInLog = 0;
		};
		B6AB086A06FBE9EB57CE3756 /* [CP] Check Pods Manifest.lock */ = {
			isa = PBXShellScriptBuildPhase;
			buildActionMask = 2147483647;
			files = (
			);
			inputFileListPaths = (
			);
			inputPaths = (
				"${PODS_PODFILE_DIR_PATH}/Podfile.lock",
				"${PODS_ROOT}/Manifest.lock",
			);
			name = "[CP] Check Pods Manifest.lock";
			outputFileListPaths = (
			);
			outputPaths = (
				"$(DERIVED_FILE_DIR)/Pods-Challender-ChallenderUITests-checkManifestLockResult.txt",
			);
			runOnlyForDeploymentPostprocessing = 0;
			shellPath = /bin/sh;
			shellScript = "diff \"${PODS_PODFILE_DIR_PATH}/Podfile.lock\" \"${PODS_ROOT}/Manifest.lock\" > /dev/null\nif [ $? != 0 ] ; then\n    # print error to STDERR\n    echo \"error: The sandbox is not in sync with the Podfile.lock. Run 'pod install' or update your CocoaPods installation.\" >&2\n    exit 1\nfi\n# This output is used by Xcode 'outputs' to avoid re-running this script phase.\necho \"SUCCESS\" > \"${SCRIPT_OUTPUT_FILE_0}\"\n";
			showEnvVarsInLog = 0;
		};
		BBAE7F8B063A6AD46C518C61 /* [CP] Check Pods Manifest.lock */ = {
			isa = PBXShellScriptBuildPhase;
			buildActionMask = 2147483647;
			files = (
			);
			inputFileListPaths = (
			);
			inputPaths = (
				"${PODS_PODFILE_DIR_PATH}/Podfile.lock",
				"${PODS_ROOT}/Manifest.lock",
			);
			name = "[CP] Check Pods Manifest.lock";
			outputFileListPaths = (
			);
			outputPaths = (
				"$(DERIVED_FILE_DIR)/Pods-Challender-checkManifestLockResult.txt",
			);
			runOnlyForDeploymentPostprocessing = 0;
			shellPath = /bin/sh;
			shellScript = "diff \"${PODS_PODFILE_DIR_PATH}/Podfile.lock\" \"${PODS_ROOT}/Manifest.lock\" > /dev/null\nif [ $? != 0 ] ; then\n    # print error to STDERR\n    echo \"error: The sandbox is not in sync with the Podfile.lock. Run 'pod install' or update your CocoaPods installation.\" >&2\n    exit 1\nfi\n# This output is used by Xcode 'outputs' to avoid re-running this script phase.\necho \"SUCCESS\" > \"${SCRIPT_OUTPUT_FILE_0}\"\n";
			showEnvVarsInLog = 0;
		};
/* End PBXShellScriptBuildPhase section */

/* Begin PBXSourcesBuildPhase section */
		F9A4925526AE8A5900CBD09E /* Sources */ = {
			isa = PBXSourcesBuildPhase;
			buildActionMask = 2147483647;
			files = (
				F9A4925D26AE8A5900CBD09E /* AppDelegate.swift in Sources */,
				F9A4925F26AE8A5900CBD09E /* SceneDelegate.swift in Sources */,
				F9A4926126AE8A5900CBD09E /* ContentView.swift in Sources */,
			);
			runOnlyForDeploymentPostprocessing = 0;
		};
		F9A4926B26AE8A5A00CBD09E /* Sources */ = {
			isa = PBXSourcesBuildPhase;
			buildActionMask = 2147483647;
			files = (
				F9A4927426AE8A5A00CBD09E /* ChallenderTests.swift in Sources */,
			);
			runOnlyForDeploymentPostprocessing = 0;
		};
		F9A4927626AE8A5A00CBD09E /* Sources */ = {
			isa = PBXSourcesBuildPhase;
			buildActionMask = 2147483647;
			files = (
				F9A4927F26AE8A5A00CBD09E /* ChallenderUITests.swift in Sources */,
			);
			runOnlyForDeploymentPostprocessing = 0;
		};
/* End PBXSourcesBuildPhase section */

/* Begin PBXTargetDependency section */
		F9A4927126AE8A5A00CBD09E /* PBXTargetDependency */ = {
			isa = PBXTargetDependency;
			target = F9A4925826AE8A5900CBD09E /* Challender */;
			targetProxy = F9A4927026AE8A5A00CBD09E /* PBXContainerItemProxy */;
		};
		F9A4927C26AE8A5A00CBD09E /* PBXTargetDependency */ = {
			isa = PBXTargetDependency;
			target = F9A4925826AE8A5900CBD09E /* Challender */;
			targetProxy = F9A4927B26AE8A5A00CBD09E /* PBXContainerItemProxy */;
		};
/* End PBXTargetDependency section */

/* Begin PBXVariantGroup section */
		F9A4926726AE8A5A00CBD09E /* LaunchScreen.storyboard */ = {
			isa = PBXVariantGroup;
			children = (
				F9A4926826AE8A5A00CBD09E /* Base */,
			);
			name = LaunchScreen.storyboard;
			sourceTree = "<group>";
		};
/* End PBXVariantGroup section */

/* Begin XCBuildConfiguration section */
		F9A4928126AE8A5A00CBD09E /* Debug */ = {
			isa = XCBuildConfiguration;
			buildSettings = {
				ALWAYS_SEARCH_USER_PATHS = NO;
				CLANG_ANALYZER_NONNULL = YES;
				CLANG_ANALYZER_NUMBER_OBJECT_CONVERSION = YES_AGGRESSIVE;
				CLANG_CXX_LANGUAGE_STANDARD = "gnu++14";
				CLANG_CXX_LIBRARY = "libc++";
				CLANG_ENABLE_MODULES = YES;
				CLANG_ENABLE_OBJC_ARC = YES;
				CLANG_ENABLE_OBJC_WEAK = YES;
				CLANG_WARN_BLOCK_CAPTURE_AUTORELEASING = YES;
				CLANG_WARN_BOOL_CONVERSION = YES;
				CLANG_WARN_COMMA = YES;
				CLANG_WARN_CONSTANT_CONVERSION = YES;
				CLANG_WARN_DEPRECATED_OBJC_IMPLEMENTATIONS = YES;
				CLANG_WARN_DIRECT_OBJC_ISA_USAGE = YES_ERROR;
				CLANG_WARN_DOCUMENTATION_COMMENTS = YES;
				CLANG_WARN_EMPTY_BODY = YES;
				CLANG_WARN_ENUM_CONVERSION = YES;
				CLANG_WARN_INFINITE_RECURSION = YES;
				CLANG_WARN_INT_CONVERSION = YES;
				CLANG_WARN_NON_LITERAL_NULL_CONVERSION = YES;
				CLANG_WARN_OBJC_IMPLICIT_RETAIN_SELF = YES;
				CLANG_WARN_OBJC_LITERAL_CONVERSION = YES;
				CLANG_WARN_OBJC_ROOT_CLASS = YES_ERROR;
				CLANG_WARN_QUOTED_INCLUDE_IN_FRAMEWORK_HEADER = YES;
				CLANG_WARN_RANGE_LOOP_ANALYSIS = YES;
				CLANG_WARN_STRICT_PROTOTYPES = YES;
				CLANG_WARN_SUSPICIOUS_MOVE = YES;
				CLANG_WARN_UNGUARDED_AVAILABILITY = YES_AGGRESSIVE;
				CLANG_WARN_UNREACHABLE_CODE = YES;
				CLANG_WARN__DUPLICATE_METHOD_MATCH = YES;
				COPY_PHASE_STRIP = NO;
				DEBUG_INFORMATION_FORMAT = dwarf;
				ENABLE_STRICT_OBJC_MSGSEND = YES;
				ENABLE_TESTABILITY = YES;
				GCC_C_LANGUAGE_STANDARD = gnu11;
				GCC_DYNAMIC_NO_PIC = NO;
				GCC_NO_COMMON_BLOCKS = YES;
				GCC_OPTIMIZATION_LEVEL = 0;
				GCC_PREPROCESSOR_DEFINITIONS = (
					"DEBUG=1",
					"$(inherited)",
				);
				GCC_WARN_64_TO_32_BIT_CONVERSION = YES;
				GCC_WARN_ABOUT_RETURN_TYPE = YES_ERROR;
				GCC_WARN_UNDECLARED_SELECTOR = YES;
				GCC_WARN_UNINITIALIZED_AUTOS = YES_AGGRESSIVE;
				GCC_WARN_UNUSED_FUNCTION = YES;
				GCC_WARN_UNUSED_VARIABLE = YES;
				IPHONEOS_DEPLOYMENT_TARGET = 14.5;
				MTL_ENABLE_DEBUG_INFO = INCLUDE_SOURCE;
				MTL_FAST_MATH = YES;
				ONLY_ACTIVE_ARCH = YES;
				SDKROOT = iphoneos;
				SWIFT_ACTIVE_COMPILATION_CONDITIONS = DEBUG;
				SWIFT_OPTIMIZATION_LEVEL = "-Onone";
			};
			name = Debug;
		};
		F9A4928226AE8A5A00CBD09E /* Release */ = {
			isa = XCBuildConfiguration;
			buildSettings = {
				ALWAYS_SEARCH_USER_PATHS = NO;
				CLANG_ANALYZER_NONNULL = YES;
				CLANG_ANALYZER_NUMBER_OBJECT_CONVERSION = YES_AGGRESSIVE;
				CLANG_CXX_LANGUAGE_STANDARD = "gnu++14";
				CLANG_CXX_LIBRARY = "libc++";
				CLANG_ENABLE_MODULES = YES;
				CLANG_ENABLE_OBJC_ARC = YES;
				CLANG_ENABLE_OBJC_WEAK = YES;
				CLANG_WARN_BLOCK_CAPTURE_AUTORELEASING = YES;
				CLANG_WARN_BOOL_CONVERSION = YES;
				CLANG_WARN_COMMA = YES;
				CLANG_WARN_CONSTANT_CONVERSION = YES;
				CLANG_WARN_DEPRECATED_OBJC_IMPLEMENTATIONS = YES;
				CLANG_WARN_DIRECT_OBJC_ISA_USAGE = YES_ERROR;
				CLANG_WARN_DOCUMENTATION_COMMENTS = YES;
				CLANG_WARN_EMPTY_BODY = YES;
				CLANG_WARN_ENUM_CONVERSION = YES;
				CLANG_WARN_INFINITE_RECURSION = YES;
				CLANG_WARN_INT_CONVERSION = YES;
				CLANG_WARN_NON_LITERAL_NULL_CONVERSION = YES;
				CLANG_WARN_OBJC_IMPLICIT_RETAIN_SELF = YES;
				CLANG_WARN_OBJC_LITERAL_CONVERSION = YES;
				CLANG_WARN_OBJC_ROOT_CLASS = YES_ERROR;
				CLANG_WARN_QUOTED_INCLUDE_IN_FRAMEWORK_HEADER = YES;
				CLANG_WARN_RANGE_LOOP_ANALYSIS = YES;
				CLANG_WARN_STRICT_PROTOTYPES = YES;
				CLANG_WARN_SUSPICIOUS_MOVE = YES;
				CLANG_WARN_UNGUARDED_AVAILABILITY = YES_AGGRESSIVE;
				CLANG_WARN_UNREACHABLE_CODE = YES;
				CLANG_WARN__DUPLICATE_METHOD_MATCH = YES;
				COPY_PHASE_STRIP = NO;
				DEBUG_INFORMATION_FORMAT = "dwarf-with-dsym";
				ENABLE_NS_ASSERTIONS = NO;
				ENABLE_STRICT_OBJC_MSGSEND = YES;
				GCC_C_LANGUAGE_STANDARD = gnu11;
				GCC_NO_COMMON_BLOCKS = YES;
				GCC_WARN_64_TO_32_BIT_CONVERSION = YES;
				GCC_WARN_ABOUT_RETURN_TYPE = YES_ERROR;
				GCC_WARN_UNDECLARED_SELECTOR = YES;
				GCC_WARN_UNINITIALIZED_AUTOS = YES_AGGRESSIVE;
				GCC_WARN_UNUSED_FUNCTION = YES;
				GCC_WARN_UNUSED_VARIABLE = YES;
				IPHONEOS_DEPLOYMENT_TARGET = 14.5;
				MTL_ENABLE_DEBUG_INFO = NO;
				MTL_FAST_MATH = YES;
				SDKROOT = iphoneos;
				SWIFT_COMPILATION_MODE = wholemodule;
				SWIFT_OPTIMIZATION_LEVEL = "-O";
				VALIDATE_PRODUCT = YES;
			};
			name = Release;
		};
		F9A4928426AE8A5A00CBD09E /* Debug */ = {
			isa = XCBuildConfiguration;
			baseConfigurationReference = 79E99E9FA22038FCC4330672 /* Pods-Challender.debug.xcconfig */;
			buildSettings = {
				ASSETCATALOG_COMPILER_APPICON_NAME = AppIcon;
				ASSETCATALOG_COMPILER_GLOBAL_ACCENT_COLOR_NAME = AccentColor;
				CODE_SIGN_STYLE = Automatic;
				DEVELOPMENT_ASSET_PATHS = "\"Challender/Preview Content\"";
				DEVELOPMENT_TEAM = 486658WQ6M;
				ENABLE_PREVIEWS = YES;
				INFOPLIST_FILE = Challender/Info.plist;
				LD_RUNPATH_SEARCH_PATHS = (
					"$(inherited)",
					"@executable_path/Frameworks",
				);
				PRODUCT_BUNDLE_IDENTIFIER = com.callender.Challender;
				PRODUCT_NAME = "$(TARGET_NAME)";
				SWIFT_VERSION = 5.0;
				TARGETED_DEVICE_FAMILY = "1,2";
			};
			name = Debug;
		};
		F9A4928526AE8A5A00CBD09E /* Release */ = {
			isa = XCBuildConfiguration;
			baseConfigurationReference = C90448873BB5CB78F3F42D75 /* Pods-Challender.release.xcconfig */;
			buildSettings = {
				ASSETCATALOG_COMPILER_APPICON_NAME = AppIcon;
				ASSETCATALOG_COMPILER_GLOBAL_ACCENT_COLOR_NAME = AccentColor;
				CODE_SIGN_STYLE = Automatic;
				DEVELOPMENT_ASSET_PATHS = "\"Challender/Preview Content\"";
				DEVELOPMENT_TEAM = 486658WQ6M;
				ENABLE_PREVIEWS = YES;
				INFOPLIST_FILE = Challender/Info.plist;
				LD_RUNPATH_SEARCH_PATHS = (
					"$(inherited)",
					"@executable_path/Frameworks",
				);
				PRODUCT_BUNDLE_IDENTIFIER = com.callender.Challender;
				PRODUCT_NAME = "$(TARGET_NAME)";
				SWIFT_VERSION = 5.0;
				TARGETED_DEVICE_FAMILY = "1,2";
			};
			name = Release;
		};
		F9A4928726AE8A5A00CBD09E /* Debug */ = {
			isa = XCBuildConfiguration;
			baseConfigurationReference = 7DBF2494E9554FEE56807D65 /* Pods-ChallenderTests.debug.xcconfig */;
			buildSettings = {
				ALWAYS_EMBED_SWIFT_STANDARD_LIBRARIES = YES;
				BUNDLE_LOADER = "$(TEST_HOST)";
				CODE_SIGN_STYLE = Automatic;
				DEVELOPMENT_TEAM = 486658WQ6M;
				INFOPLIST_FILE = ChallenderTests/Info.plist;
				IPHONEOS_DEPLOYMENT_TARGET = 14.5;
				LD_RUNPATH_SEARCH_PATHS = (
					"$(inherited)",
					"@executable_path/Frameworks",
					"@loader_path/Frameworks",
				);
				PRODUCT_BUNDLE_IDENTIFIER = com.callender.ChallenderTests;
				PRODUCT_NAME = "$(TARGET_NAME)";
				SWIFT_VERSION = 5.0;
				TARGETED_DEVICE_FAMILY = "1,2";
				TEST_HOST = "$(BUILT_PRODUCTS_DIR)/Challender.app/Challender";
			};
			name = Debug;
		};
		F9A4928826AE8A5A00CBD09E /* Release */ = {
			isa = XCBuildConfiguration;
			baseConfigurationReference = 38969643C46DE1AA6FDCADB4 /* Pods-ChallenderTests.release.xcconfig */;
			buildSettings = {
				ALWAYS_EMBED_SWIFT_STANDARD_LIBRARIES = YES;
				BUNDLE_LOADER = "$(TEST_HOST)";
				CODE_SIGN_STYLE = Automatic;
				DEVELOPMENT_TEAM = 486658WQ6M;
				INFOPLIST_FILE = ChallenderTests/Info.plist;
				IPHONEOS_DEPLOYMENT_TARGET = 14.5;
				LD_RUNPATH_SEARCH_PATHS = (
					"$(inherited)",
					"@executable_path/Frameworks",
					"@loader_path/Frameworks",
				);
				PRODUCT_BUNDLE_IDENTIFIER = com.callender.ChallenderTests;
				PRODUCT_NAME = "$(TARGET_NAME)";
				SWIFT_VERSION = 5.0;
				TARGETED_DEVICE_FAMILY = "1,2";
				TEST_HOST = "$(BUILT_PRODUCTS_DIR)/Challender.app/Challender";
			};
			name = Release;
		};
		F9A4928A26AE8A5A00CBD09E /* Debug */ = {
			isa = XCBuildConfiguration;
			baseConfigurationReference = AC3762BFE628E85915BD8328 /* Pods-Challender-ChallenderUITests.debug.xcconfig */;
			buildSettings = {
				ALWAYS_EMBED_SWIFT_STANDARD_LIBRARIES = YES;
				CODE_SIGN_STYLE = Automatic;
				DEVELOPMENT_TEAM = 486658WQ6M;
				INFOPLIST_FILE = ChallenderUITests/Info.plist;
				LD_RUNPATH_SEARCH_PATHS = (
					"$(inherited)",
					"@executable_path/Frameworks",
					"@loader_path/Frameworks",
				);
				PRODUCT_BUNDLE_IDENTIFIER = com.callender.ChallenderUITests;
				PRODUCT_NAME = "$(TARGET_NAME)";
				SWIFT_VERSION = 5.0;
				TARGETED_DEVICE_FAMILY = "1,2";
				TEST_TARGET_NAME = Challender;
			};
			name = Debug;
		};
		F9A4928B26AE8A5A00CBD09E /* Release */ = {
			isa = XCBuildConfiguration;
			baseConfigurationReference = B3FDF7A758D6765FEFCE68DC /* Pods-Challender-ChallenderUITests.release.xcconfig */;
			buildSettings = {
				ALWAYS_EMBED_SWIFT_STANDARD_LIBRARIES = YES;
				CODE_SIGN_STYLE = Automatic;
				DEVELOPMENT_TEAM = 486658WQ6M;
				INFOPLIST_FILE = ChallenderUITests/Info.plist;
				LD_RUNPATH_SEARCH_PATHS = (
					"$(inherited)",
					"@executable_path/Frameworks",
					"@loader_path/Frameworks",
				);
				PRODUCT_BUNDLE_IDENTIFIER = com.callender.ChallenderUITests;
				PRODUCT_NAME = "$(TARGET_NAME)";
				SWIFT_VERSION = 5.0;
				TARGETED_DEVICE_FAMILY = "1,2";
				TEST_TARGET_NAME = Challender;
			};
			name = Release;
		};
/* End XCBuildConfiguration section */

/* Begin XCConfigurationList section */
		F9A4925426AE8A5900CBD09E /* Build configuration list for PBXProject "Challender" */ = {
			isa = XCConfigurationList;
			buildConfigurations = (
				F9A4928126AE8A5A00CBD09E /* Debug */,
				F9A4928226AE8A5A00CBD09E /* Release */,
			);
			defaultConfigurationIsVisible = 0;
			defaultConfigurationName = Release;
		};
		F9A4928326AE8A5A00CBD09E /* Build configuration list for PBXNativeTarget "Challender" */ = {
			isa = XCConfigurationList;
			buildConfigurations = (
				F9A4928426AE8A5A00CBD09E /* Debug */,
				F9A4928526AE8A5A00CBD09E /* Release */,
			);
			defaultConfigurationIsVisible = 0;
			defaultConfigurationName = Release;
		};
		F9A4928626AE8A5A00CBD09E /* Build configuration list for PBXNativeTarget "ChallenderTests" */ = {
			isa = XCConfigurationList;
			buildConfigurations = (
				F9A4928726AE8A5A00CBD09E /* Debug */,
				F9A4928826AE8A5A00CBD09E /* Release */,
			);
			defaultConfigurationIsVisible = 0;
			defaultConfigurationName = Release;
		};
		F9A4928926AE8A5A00CBD09E /* Build configuration list for PBXNativeTarget "ChallenderUITests" */ = {
			isa = XCConfigurationList;
			buildConfigurations = (
				F9A4928A26AE8A5A00CBD09E /* Debug */,
				F9A4928B26AE8A5A00CBD09E /* Release */,
			);
			defaultConfigurationIsVisible = 0;
			defaultConfigurationName = Release;
		};
/* End XCConfigurationList section */
	};
	rootObject = F9A4925126AE8A5900CBD09E /* Project object */;
}
